
Microsoft Visual Studio Solution File, Format Version 12.00
# Visual Studio Version 16
VisualStudioVersion = 16.0.30114.105
MinimumVisualStudioVersion = 10.0.40219.1
Project("{FAE04EC0-301F-11D3-BF4B-00C04F79EFBC}") = "API", "API\API.csproj", "{EDE1288F-1A60-4C30-AE70-059D53673299}"
EndProject
Project("{FAE04EC0-301F-11D3-BF4B-00C04F79EFBC}") = "Application", "Application\Application.csproj", "{D7EE50F5-561D-46B9-92ED-AF302F942983}"
EndProject
Project("{FAE04EC0-301F-11D3-BF4B-00C04F79EFBC}") = "Persistence", "Persistence\Persistence.csproj", "{6DBB6239-E725-46D1-84D8-2C4CBA42E1C6}"
EndProject
Project("{FAE04EC0-301F-11D3-BF4B-00C04F79EFBC}") = "Domain", "Domain\Domain.csproj", "{118A9BA1-9132-4DD0-BE37-DA626991AF24}"
EndProject
Project("{FAE04EC0-301F-11D3-BF4B-00C04F79EFBC}") = "Infrastructure", "Infrastructure\Infrastructure.csproj", "{54F98EE5-5420-4665-89BE-EE5E234BC439}"
EndProject
Global
	GlobalSection(SolutionConfigurationPlatforms) = preSolution
		Debug|Any CPU = Debug|Any CPU
		Debug|x64 = Debug|x64
		Debug|x86 = Debug|x86
		Release|Any CPU = Release|Any CPU
		Release|x64 = Release|x64
		Release|x86 = Release|x86
	EndGlobalSection
	GlobalSection(SolutionProperties) = preSolution
		HideSolutionNode = FALSE
	EndGlobalSection
	GlobalSection(ProjectConfigurationPlatforms) = postSolution
		{EDE1288F-1A60-4C30-AE70-059D53673299}.Debug|Any CPU.ActiveCfg = Debug|Any CPU
		{EDE1288F-1A60-4C30-AE70-059D53673299}.Debug|Any CPU.Build.0 = Debug|Any CPU
		{EDE1288F-1A60-4C30-AE70-059D53673299}.Debug|x64.ActiveCfg = Debug|Any CPU
		{EDE1288F-1A60-4C30-AE70-059D53673299}.Debug|x64.Build.0 = Debug|Any CPU
		{EDE1288F-1A60-4C30-AE70-059D53673299}.Debug|x86.ActiveCfg = Debug|Any CPU
		{EDE1288F-1A60-4C30-AE70-059D53673299}.Debug|x86.Build.0 = Debug|Any CPU
		{EDE1288F-1A60-4C30-AE70-059D53673299}.Release|Any CPU.ActiveCfg = Release|Any CPU
		{EDE1288F-1A60-4C30-AE70-059D53673299}.Release|Any CPU.Build.0 = Release|Any CPU
		{EDE1288F-1A60-4C30-AE70-059D53673299}.Release|x64.ActiveCfg = Release|Any CPU
		{EDE1288F-1A60-4C30-AE70-059D53673299}.Release|x64.Build.0 = Release|Any CPU
		{EDE1288F-1A60-4C30-AE70-059D53673299}.Release|x86.ActiveCfg = Release|Any CPU
		{EDE1288F-1A60-4C30-AE70-059D53673299}.Release|x86.Build.0 = Release|Any CPU
		{D7EE50F5-561D-46B9-92ED-AF302F942983}.Debug|Any CPU.ActiveCfg = Debug|Any CPU
		{D7EE50F5-561D-46B9-92ED-AF302F942983}.Debug|Any CPU.Build.0 = Debug|Any CPU
		{D7EE50F5-561D-46B9-92ED-AF302F942983}.Debug|x64.ActiveCfg = Debug|Any CPU
		{D7EE50F5-561D-46B9-92ED-AF302F942983}.Debug|x64.Build.0 = Debug|Any CPU
		{D7EE50F5-561D-46B9-92ED-AF302F942983}.Debug|x86.ActiveCfg = Debug|Any CPU
		{D7EE50F5-561D-46B9-92ED-AF302F942983}.Debug|x86.Build.0 = Debug|Any CPU
		{D7EE50F5-561D-46B9-92ED-AF302F942983}.Release|Any CPU.ActiveCfg = Release|Any CPU
		{D7EE50F5-561D-46B9-92ED-AF302F942983}.Release|Any CPU.Build.0 = Release|Any CPU
		{D7EE50F5-561D-46B9-92ED-AF302F942983}.Release|x64.ActiveCfg = Release|Any CPU
		{D7EE50F5-561D-46B9-92ED-AF302F942983}.Release|x64.Build.0 = Release|Any CPU
		{D7EE50F5-561D-46B9-92ED-AF302F942983}.Release|x86.ActiveCfg = Release|Any CPU
		{D7EE50F5-561D-46B9-92ED-AF302F942983}.Release|x86.Build.0 = Release|Any CPU
		{6DBB6239-E725-46D1-84D8-2C4CBA42E1C6}.Debug|Any CPU.ActiveCfg = Debug|Any CPU
		{6DBB6239-E725-46D1-84D8-2C4CBA42E1C6}.Debug|Any CPU.Build.0 = Debug|Any CPU
		{6DBB6239-E725-46D1-84D8-2C4CBA42E1C6}.Debug|x64.ActiveCfg = Debug|Any CPU
		{6DBB6239-E725-46D1-84D8-2C4CBA42E1C6}.Debug|x64.Build.0 = Debug|Any CPU
		{6DBB6239-E725-46D1-84D8-2C4CBA42E1C6}.Debug|x86.ActiveCfg = Debug|Any CPU
		{6DBB6239-E725-46D1-84D8-2C4CBA42E1C6}.Debug|x86.Build.0 = Debug|Any CPU
		{6DBB6239-E725-46D1-84D8-2C4CBA42E1C6}.Release|Any CPU.ActiveCfg = Release|Any CPU
		{6DBB6239-E725-46D1-84D8-2C4CBA42E1C6}.Release|Any CPU.Build.0 = Release|Any CPU
		{6DBB6239-E725-46D1-84D8-2C4CBA42E1C6}.Release|x64.ActiveCfg = Release|Any CPU
		{6DBB6239-E725-46D1-84D8-2C4CBA42E1C6}.Release|x64.Build.0 = Release|Any CPU
		{6DBB6239-E725-46D1-84D8-2C4CBA42E1C6}.Release|x86.ActiveCfg = Release|Any CPU
		{6DBB6239-E725-46D1-84D8-2C4CBA42E1C6}.Release|x86.Build.0 = Release|Any CPU
		{118A9BA1-9132-4DD0-BE37-DA626991AF24}.Debug|Any CPU.ActiveCfg = Debug|Any CPU
		{118A9BA1-9132-4DD0-BE37-DA626991AF24}.Debug|Any CPU.Build.0 = Debug|Any CPU
		{118A9BA1-9132-4DD0-BE37-DA626991AF24}.Debug|x64.ActiveCfg = Debug|Any CPU
		{118A9BA1-9132-4DD0-BE37-DA626991AF24}.Debug|x64.Build.0 = Debug|Any CPU
		{118A9BA1-9132-4DD0-BE37-DA626991AF24}.Debug|x86.ActiveCfg = Debug|Any CPU
		{118A9BA1-9132-4DD0-BE37-DA626991AF24}.Debug|x86.Build.0 = Debug|Any CPU
		{118A9BA1-9132-4DD0-BE37-DA626991AF24}.Release|Any CPU.ActiveCfg = Release|Any CPU
		{118A9BA1-9132-4DD0-BE37-DA626991AF24}.Release|Any CPU.Build.0 = Release|Any CPU
		{118A9BA1-9132-4DD0-BE37-DA626991AF24}.Release|x64.ActiveCfg = Release|Any CPU
		{118A9BA1-9132-4DD0-BE37-DA626991AF24}.Release|x64.Build.0 = Release|Any CPU
		{118A9BA1-9132-4DD0-BE37-DA626991AF24}.Release|x86.ActiveCfg = Release|Any CPU
		{118A9BA1-9132-4DD0-BE37-DA626991AF24}.Release|x86.Build.0 = Release|Any CPU
		{54F98EE5-5420-4665-89BE-EE5E234BC439}.Debug|Any CPU.ActiveCfg = Debug|Any CPU
		{54F98EE5-5420-4665-89BE-EE5E234BC439}.Debug|Any CPU.Build.0 = Debug|Any CPU
		{54F98EE5-5420-4665-89BE-EE5E234BC439}.Debug|x64.ActiveCfg = Debug|Any CPU
		{54F98EE5-5420-4665-89BE-EE5E234BC439}.Debug|x64.Build.0 = Debug|Any CPU
		{54F98EE5-5420-4665-89BE-EE5E234BC439}.Debug|x86.ActiveCfg = Debug|Any CPU
		{54F98EE5-5420-4665-89BE-EE5E234BC439}.Debug|x86.Build.0 = Debug|Any CPU
		{54F98EE5-5420-4665-89BE-EE5E234BC439}.Release|Any CPU.ActiveCfg = Release|Any CPU
		{54F98EE5-5420-4665-89BE-EE5E234BC439}.Release|Any CPU.Build.0 = Release|Any CPU
		{54F98EE5-5420-4665-89BE-EE5E234BC439}.Release|x64.ActiveCfg = Release|Any CPU
		{54F98EE5-5420-4665-89BE-EE5E234BC439}.Release|x64.Build.0 = Release|Any CPU
		{54F98EE5-5420-4665-89BE-EE5E234BC439}.Release|x86.ActiveCfg = Release|Any CPU
		{54F98EE5-5420-4665-89BE-EE5E234BC439}.Release|x86.Build.0 = Release|Any CPU
	EndGlobalSection
EndGlobal
